dependencies:
- name: cassandra
  repository: oci://registry-1.docker.io/bitnamicharts
  version: 11.4.2
- name: postgresql
  repository: oci://registry-1.docker.io/bitnamicharts
  version: 16.7.27
- name: mysql
  repository: oci://registry-1.docker.io/bitnamicharts
  version: 12.3.5
- name: elasticsearch
  repository: oci://registry-1.docker.io/bitnamicharts
  version: 21.6.3
digest: sha256:75cdbb934145cb057a735f415dbf854fcbd1e3218cdbf2d91f05aa1c5c240dc1
generated: "2025-10-27T12:47:15.596657-07:00"
