dependencies:
- name: cassandra
  repository: oci://registry-1.docker.io/bitnamicharts
  version: 11.4.2
- name: postgresql
  repository: oci://registry-1.docker.io/bitnamicharts
  version: 16.7.27
- name: mysql
  repository: oci://registry-1.docker.io/bitnamicharts
  version: 12.3.5
digest: sha256:9d2bdf5e27b9fedc3a32d7abcf6c3ff569818e2756240f94977b1047efafe4b0
generated: "2025-09-17T16:04:57.7251556+02:00"
